Microsoft Visual Studio Solution File, Format Version 12.00
# Visual Studio Version 16
VisualStudioVersion = 16.0.29215.179
MinimumVisualStudioVersion = 10.0.40219.1
Project("{9A19103F-16F7-4668-BE54-9A1E7A4F7556}") = "Ultra.UniversalSearch", "Ultra.UniversalSearch\Ultra.UniversalSearch.csproj", "{A849A0F3-2621-4E8A-B21B-2761917FCB5E}"
EndProject
Project("{9A19103F-16F7-4668-BE54-9A1E7A4F7556}") = "Ultra.Email", "Ultra.Email\Ultra.Email.csproj", "{861425E0-15D7-4E2F-9C93-6A35AAA92883}"
EndProject
Project("{9A19103F-16F7-4668-BE54-9A1E7A4F7556}") = "Ultra.Scripting.Core", "Ultra.Scripting.Core\Ultra.Scripting.Core.csproj", "{69186E1C-6D8A-4AB6-9708-E40A560324E8}"
EndProject
Project("{9A19103F-16F7-4668-BE54-9A1E7A4F7556}") = "Ultra.Scripting.Win", "Ultra.Scripting.Win\Ultra.Scripting.Win.csproj", "{8078DEBA-9588-4D06-82A0-F1C77E838981}"
EndProject
Global
	GlobalSection(SolutionConfigurationPlatforms) = preSolution
		18_2_10|Any CPU = 18_2_10|Any CPU
		18_2_5|Any CPU = 18_2_5|Any CPU
		18_2_6|Any CPU = 18_2_6|Any CPU
		18_2_7|Any CPU = 18_2_7|Any CPU
		18_2_8|Any CPU = 18_2_8|Any CPU
		18_2_9|Any CPU = 18_2_9|Any CPU
		19_1_2|Any CPU = 19_1_2|Any CPU
		19_1_3|Any CPU = 19_1_3|Any CPU
		19_1_4|Any CPU = 19_1_4|Any CPU
		19_1_5|Any CPU = 19_1_5|Any CPU
		Debug|Any CPU = Debug|Any CPU
		EasyTest|Any CPU = EasyTest|Any CPU
		Release|Any CPU = Release|Any CPU
	EndGlobalSection
	GlobalSection(ProjectConfigurationPlatforms) = postSolution
		{A849A0F3-2621-4E8A-B21B-2761917FCB5E}.18_2_10|Any CPU.ActiveCfg = 18_2_10|Any CPU
		{A849A0F3-2621-4E8A-B21B-2761917FCB5E}.18_2_10|Any CPU.Build.0 = 18_2_10|Any CPU
		{A849A0F3-2621-4E8A-B21B-2761917FCB5E}.18_2_5|Any CPU.ActiveCfg = 18_2_5|Any CPU
		{A849A0F3-2621-4E8A-B21B-2761917FCB5E}.18_2_5|Any CPU.Build.0 = 18_2_5|Any CPU
		{A849A0F3-2621-4E8A-B21B-2761917FCB5E}.18_2_6|Any CPU.ActiveCfg = 18_2_6|Any CPU
		{A849A0F3-2621-4E8A-B21B-2761917FCB5E}.18_2_6|Any CPU.Build.0 = 18_2_6|Any CPU
		{A849A0F3-2621-4E8A-B21B-2761917FCB5E}.18_2_7|Any CPU.ActiveCfg = 18_2_7|Any CPU
		{A849A0F3-2621-4E8A-B21B-2761917FCB5E}.18_2_7|Any CPU.Build.0 = 18_2_7|Any CPU
		{A849A0F3-2621-4E8A-B21B-2761917FCB5E}.18_2_8|Any CPU.ActiveCfg = 18_2_8|Any CPU
		{A849A0F3-2621-4E8A-B21B-2761917FCB5E}.18_2_8|Any CPU.Build.0 = 18_2_8|Any CPU
		{A849A0F3-2621-4E8A-B21B-2761917FCB5E}.18_2_9|Any CPU.ActiveCfg = 18_2_9|Any CPU
		{A849A0F3-2621-4E8A-B21B-2761917FCB5E}.18_2_9|Any CPU.Build.0 = 18_2_9|Any CPU
		{A849A0F3-2621-4E8A-B21B-2761917FCB5E}.19_1_2|Any CPU.ActiveCfg = 19_1_2|Any CPU
		{A849A0F3-2621-4E8A-B21B-2761917FCB5E}.19_1_2|Any CPU.Build.0 = 19_1_2|Any CPU
		{A849A0F3-2621-4E8A-B21B-2761917FCB5E}.19_1_3|Any CPU.ActiveCfg = 19_1_3|Any CPU
		{A849A0F3-2621-4E8A-B21B-2761917FCB5E}.19_1_3|Any CPU.Build.0 = 19_1_3|Any CPU
		{A849A0F3-2621-4E8A-B21B-2761917FCB5E}.19_1_4|Any CPU.ActiveCfg = 19_1_4|Any CPU
		{A849A0F3-2621-4E8A-B21B-2761917FCB5E}.19_1_4|Any CPU.Build.0 = 19_1_4|Any CPU
		{A849A0F3-2621-4E8A-B21B-2761917FCB5E}.19_1_5|Any CPU.ActiveCfg = 19_1_5|Any CPU
		{A849A0F3-2621-4E8A-B21B-2761917FCB5E}.19_1_5|Any CPU.Build.0 = 19_1_5|Any CPU
		{A849A0F3-2621-4E8A-B21B-2761917FCB5E}.Debug|Any CPU.ActiveCfg = Debug|Any CPU
		{A849A0F3-2621-4E8A-B21B-2761917FCB5E}.Debug|Any CPU.Build.0 = Debug|Any CPU
		{A849A0F3-2621-4E8A-B21B-2761917FCB5E}.EasyTest|Any CPU.ActiveCfg = 19_1_4|Any CPU
		{A849A0F3-2621-4E8A-B21B-2761917FCB5E}.EasyTest|Any CPU.Build.0 = 19_1_4|Any CPU
		{A849A0F3-2621-4E8A-B21B-2761917FCB5E}.Release|Any CPU.ActiveCfg = Release|Any CPU
		{A849A0F3-2621-4E8A-B21B-2761917FCB5E}.Release|Any CPU.Build.0 = Release|Any CPU
		{861425E0-15D7-4E2F-9C93-6A35AAA92883}.18_2_10|Any CPU.ActiveCfg = 18_2_10|Any CPU
		{861425E0-15D7-4E2F-9C93-6A35AAA92883}.18_2_10|Any CPU.Build.0 = 18_2_10|Any CPU
		{861425E0-15D7-4E2F-9C93-6A35AAA92883}.18_2_5|Any CPU.ActiveCfg = 18_2_5|Any CPU
		{861425E0-15D7-4E2F-9C93-6A35AAA92883}.18_2_5|Any CPU.Build.0 = 18_2_5|Any CPU
		{861425E0-15D7-4E2F-9C93-6A35AAA92883}.18_2_6|Any CPU.ActiveCfg = 18_2_6|Any CPU
		{861425E0-15D7-4E2F-9C93-6A35AAA92883}.18_2_6|Any CPU.Build.0 = 18_2_6|Any CPU
		{861425E0-15D7-4E2F-9C93-6A35AAA92883}.18_2_7|Any CPU.ActiveCfg = 18_2_7|Any CPU
		{861425E0-15D7-4E2F-9C93-6A35AAA92883}.18_2_7|Any CPU.Build.0 = 18_2_7|Any CPU
		{861425E0-15D7-4E2F-9C93-6A35AAA92883}.18_2_8|Any CPU.ActiveCfg = 18_2_8|Any CPU
		{861425E0-15D7-4E2F-9C93-6A35AAA92883}.18_2_8|Any CPU.Build.0 = 18_2_8|Any CPU
		{861425E0-15D7-4E2F-9C93-6A35AAA92883}.18_2_9|Any CPU.ActiveCfg = 18_2_9|Any CPU
		{861425E0-15D7-4E2F-9C93-6A35AAA92883}.18_2_9|Any CPU.Build.0 = 18_2_9|Any CPU
		{861425E0-15D7-4E2F-9C93-6A35AAA92883}.19_1_2|Any CPU.ActiveCfg = 19_1_2|Any CPU
		{861425E0-15D7-4E2F-9C93-6A35AAA92883}.19_1_2|Any CPU.Build.0 = 19_1_2|Any CPU
		{861425E0-15D7-4E2F-9C93-6A35AAA92883}.19_1_3|Any CPU.ActiveCfg = 19_1_3|Any CPU
		{861425E0-15D7-4E2F-9C93-6A35AAA92883}.19_1_3|Any CPU.Build.0 = 19_1_3|Any CPU
		{861425E0-15D7-4E2F-9C93-6A35AAA92883}.19_1_4|Any CPU.ActiveCfg = 19_1_4|Any CPU
		{861425E0-15D7-4E2F-9C93-6A35AAA92883}.19_1_4|Any CPU.Build.0 = 19_1_4|Any CPU
		{861425E0-15D7-4E2F-9C93-6A35AAA92883}.19_1_5|Any CPU.ActiveCfg = 19_1_5|Any CPU
		{861425E0-15D7-4E2F-9C93-6A35AAA92883}.19_1_5|Any CPU.Build.0 = 19_1_5|Any CPU
		{861425E0-15D7-4E2F-9C93-6A35AAA92883}.Debug|Any CPU.ActiveCfg = Debug|Any CPU
		{861425E0-15D7-4E2F-9C93-6A35AAA92883}.Debug|Any CPU.Build.0 = Debug|Any CPU
		{861425E0-15D7-4E2F-9C93-6A35AAA92883}.EasyTest|Any CPU.ActiveCfg = 19_1_4|Any CPU
		{861425E0-15D7-4E2F-9C93-6A35AAA92883}.EasyTest|Any CPU.Build.0 = 19_1_4|Any CPU
		{861425E0-15D7-4E2F-9C93-6A35AAA92883}.Release|Any CPU.ActiveCfg = Release|Any CPU
		{861425E0-15D7-4E2F-9C93-6A35AAA92883}.Release|Any CPU.Build.0 = Release|Any CPU
		{69186E1C-6D8A-4AB6-9708-E40A560324E8}.18_2_10|Any CPU.ActiveCfg = 18_2_10|Any CPU
		{69186E1C-6D8A-4AB6-9708-E40A560324E8}.18_2_10|Any CPU.Build.0 = 18_2_10|Any CPU
		{69186E1C-6D8A-4AB6-9708-E40A560324E8}.18_2_5|Any CPU.ActiveCfg = 18_2_5|Any CPU
		{69186E1C-6D8A-4AB6-9708-E40A560324E8}.18_2_5|Any CPU.Build.0 = 18_2_5|Any CPU
		{69186E1C-6D8A-4AB6-9708-E40A560324E8}.18_2_6|Any CPU.ActiveCfg = 18_2_6|Any CPU
		{69186E1C-6D8A-4AB6-9708-E40A560324E8}.18_2_6|Any CPU.Build.0 = 18_2_6|Any CPU
		{69186E1C-6D8A-4AB6-9708-E40A560324E8}.18_2_7|Any CPU.ActiveCfg = 18_2_7|Any CPU
		{69186E1C-6D8A-4AB6-9708-E40A560324E8}.18_2_7|Any CPU.Build.0 = 18_2_7|Any CPU
		{69186E1C-6D8A-4AB6-9708-E40A560324E8}.18_2_8|Any CPU.ActiveCfg = 18_2_8|Any CPU
		{69186E1C-6D8A-4AB6-9708-E40A560324E8}.18_2_8|Any CPU.Build.0 = 18_2_8|Any CPU
		{69186E1C-6D8A-4AB6-9708-E40A560324E8}.18_2_9|Any CPU.ActiveCfg = 18_2_9|Any CPU
		{69186E1C-6D8A-4AB6-9708-E40A560324E8}.18_2_9|Any CPU.Build.0 = 18_2_9|Any CPU
		{69186E1C-6D8A-4AB6-9708-E40A560324E8}.19_1_2|Any CPU.ActiveCfg = 19_1_2|Any CPU
		{69186E1C-6D8A-4AB6-9708-E40A560324E8}.19_1_2|Any CPU.Build.0 = 19_1_2|Any CPU
		{69186E1C-6D8A-4AB6-9708-E40A560324E8}.19_1_3|Any CPU.ActiveCfg = 19_1_3|Any CPU
		{69186E1C-6D8A-4AB6-9708-E40A560324E8}.19_1_3|Any CPU.Build.0 = 19_1_3|Any CPU
		{69186E1C-6D8A-4AB6-9708-E40A560324E8}.19_1_4|Any CPU.ActiveCfg = 19_1_4|Any CPU
		{69186E1C-6D8A-4AB6-9708-E40A560324E8}.19_1_4|Any CPU.Build.0 = 19_1_4|Any CPU
		{69186E1C-6D8A-4AB6-9708-E40A560324E8}.19_1_5|Any CPU.ActiveCfg = 19_1_5|Any CPU
		{69186E1C-6D8A-4AB6-9708-E40A560324E8}.19_1_5|Any CPU.Build.0 = 19_1_5|Any CPU
		{69186E1C-6D8A-4AB6-9708-E40A560324E8}.Debug|Any CPU.ActiveCfg = Debug|Any CPU
		{69186E1C-6D8A-4AB6-9708-E40A560324E8}.Debug|Any CPU.Build.0 = Debug|Any CPU
		{69186E1C-6D8A-4AB6-9708-E40A560324E8}.EasyTest|Any CPU.ActiveCfg = 19_1_4|Any CPU
		{69186E1C-6D8A-4AB6-9708-E40A560324E8}.EasyTest|Any CPU.Build.0 = 19_1_4|Any CPU
		{69186E1C-6D8A-4AB6-9708-E40A560324E8}.Release|Any CPU.ActiveCfg = Release|Any CPU
		{69186E1C-6D8A-4AB6-9708-E40A560324E8}.Release|Any CPU.Build.0 = Release|Any CPU
		{8078DEBA-9588-4D06-82A0-F1C77E838981}.18_2_10|Any CPU.ActiveCfg = 18_2_10|Any CPU
		{8078DEBA-9588-4D06-82A0-F1C77E838981}.18_2_10|Any CPU.Build.0 = 18_2_10|Any CPU
		{8078DEBA-9588-4D06-82A0-F1C77E838981}.18_2_5|Any CPU.ActiveCfg = 18_2_5|Any CPU
		{8078DEBA-9588-4D06-82A0-F1C77E838981}.18_2_5|Any CPU.Build.0 = 18_2_5|Any CPU
		{8078DEBA-9588-4D06-82A0-F1C77E838981}.18_2_6|Any CPU.ActiveCfg = 18_2_6|Any CPU
		{8078DEBA-9588-4D06-82A0-F1C77E838981}.18_2_6|Any CPU.Build.0 = 18_2_6|Any CPU
		{8078DEBA-9588-4D06-82A0-F1C77E838981}.18_2_7|Any CPU.ActiveCfg = 18_2_7|Any CPU
		{8078DEBA-9588-4D06-82A0-F1C77E838981}.18_2_7|Any CPU.Build.0 = 18_2_7|Any CPU
		{8078DEBA-9588-4D06-82A0-F1C77E838981}.18_2_8|Any CPU.ActiveCfg = 18_2_8|Any CPU
		{8078DEBA-9588-4D06-82A0-F1C77E838981}.18_2_8|Any CPU.Build.0 = 18_2_8|Any CPU
		{8078DEBA-9588-4D06-82A0-F1C77E838981}.18_2_9|Any CPU.ActiveCfg = 18_2_9|Any CPU
		{8078DEBA-9588-4D06-82A0-F1C77E838981}.18_2_9|Any CPU.Build.0 = 18_2_9|Any CPU
		{8078DEBA-9588-4D06-82A0-F1C77E838981}.19_1_2|Any CPU.ActiveCfg = 19_1_2|Any CPU
		{8078DEBA-9588-4D06-82A0-F1C77E838981}.19_1_2|Any CPU.Build.0 = 19_1_2|Any CPU
		{8078DEBA-9588-4D06-82A0-F1C77E838981}.19_1_3|Any CPU.ActiveCfg = 19_1_3|Any CPU
		{8078DEBA-9588-4D06-82A0-F1C77E838981}.19_1_3|Any CPU.Build.0 = 19_1_3|Any CPU
		{8078DEBA-9588-4D06-82A0-F1C77E838981}.19_1_4|Any CPU.ActiveCfg = 19_1_4|Any CPU
		{8078DEBA-9588-4D06-82A0-F1C77E838981}.19_1_4|Any CPU.Build.0 = 19_1_4|Any CPU
		{8078DEBA-9588-4D06-82A0-F1C77E838981}.19_1_5|Any CPU.ActiveCfg = 19_1_5|Any CPU
		{8078DEBA-9588-4D06-82A0-F1C77E838981}.19_1_5|Any CPU.Build.0 = 19_1_5|Any CPU
		{8078DEBA-9588-4D06-82A0-F1C77E838981}.Debug|Any CPU.ActiveCfg = Debug|Any CPU
		{8078DEBA-9588-4D06-82A0-F1C77E838981}.Debug|Any CPU.Build.0 = Debug|Any CPU
		{8078DEBA-9588-4D06-82A0-F1C77E838981}.EasyTest|Any CPU.ActiveCfg = 19_1_4|Any CPU
		{8078DEBA-9588-4D06-82A0-F1C77E838981}.EasyTest|Any CPU.Build.0 = 19_1_4|Any CPU
		{8078DEBA-9588-4D06-82A0-F1C77E838981}.Release|Any CPU.ActiveCfg = Release|Any CPU
		{8078DEBA-9588-4D06-82A0-F1C77E838981}.Release|Any CPU.Build.0 = Release|Any CPU
	EndGlobalSection
	GlobalSection(SolutionProperties) = preSolution
		HideSolutionNode = FALSE
	EndGlobalSection
	GlobalSection(ExtensibilityGlobals) = postSolution
		SolutionGuid = {328388eb-8b0f-4d74-a5a6-a673f3c46352}
	EndGlobalSection
EndGlobal
