
Microsoft Visual Studio Solution File, Format Version 12.00
# Visual Studio 15
VisualStudioVersion = 15.0.28307.489
MinimumVisualStudioVersion = 10.0.40219.1
Project("{FAE04EC0-301F-11D3-BF4B-00C04F79EFBC}") = "Ultra.MainDemo.Web", "Ultra.MainDemo.Web\Ultra.MainDemo.Web.csproj", "{82A6DBC9-B1B4-44E4-9718-55DF930CD349}"
EndProject
Project("{FAE04EC0-301F-11D3-BF4B-00C04F79EFBC}") = "Ultra.MainDemo.Win", "Ultra.MainDemo.Win\Ultra.MainDemo.Win.csproj", "{D05D93DF-312D-4D4E-B980-726871EC7833}"
EndProject
Project("{2150E333-8FDC-42A3-9474-1A3956D46DE8}") = "MainDemo", "MainDemo", "{981CDA04-F703-4527-85C8-2CA817BB95AD}"
EndProject
Project("{2150E333-8FDC-42A3-9474-1A3956D46DE8}") = "UniversalSearch", "UniversalSearch", "{08E90E72-4B8D-43BF-B07F-26F9F7BBFFBD}"
EndProject
Project("{2150E333-8FDC-42A3-9474-1A3956D46DE8}") = "ModuleTemplate", "ModuleTemplate", "{B6EE4266-7BC2-4B19-BC4E-4119B504147E}"
EndProject
Project("{9A19103F-16F7-4668-BE54-9A1E7A4F7556}") = "UltraModuleTemplate", "UltraModuleTemplate\UltraModuleTemplate.csproj", "{802C4B18-550D-42CB-96B9-BEDA0CD8214B}"
EndProject
Project("{2150E333-8FDC-42A3-9474-1A3956D46DE8}") = "Shared", "Shared", "{4444B5E5-53CE-46AE-B001-5B9714F8AA70}"
EndProject
Project("{9A19103F-16F7-4668-BE54-9A1E7A4F7556}") = "Ultra.SharedCode", "Ultra.SharedCode\Ultra.SharedCode.csproj", "{8E57AAD7-8B5F-41A9-B238-1A11FFAFB6F8}"
EndProject
Project("{9A19103F-16F7-4668-BE54-9A1E7A4F7556}") = "Ultra.UniversalSearch", "Ultra.UniversalSearch\Ultra.UniversalSearch.csproj", "{94312523-ABF5-4783-AF8D-6B1BFD55890E}"
EndProject
Project("{2150E333-8FDC-42A3-9474-1A3956D46DE8}") = "Solution Items", "Solution Items", "{AEA762A3-7639-4BB5-AC4F-05770840E807}"
	ProjectSection(SolutionItems) = preProject
		Build.bat = Build.bat
	EndProjectSection
EndProject
Project("{9A19103F-16F7-4668-BE54-9A1E7A4F7556}") = "Ultra.MainDemo.Module", "Ultra.MainDemo.Module\Ultra.MainDemo.Module.csproj", "{C1718841-6424-4FE1-958B-2D22472110A1}"
EndProject
Project("{9A19103F-16F7-4668-BE54-9A1E7A4F7556}") = "Ultra.MainDemo.Module.Win", "Ultra.MainDemo.Module.Win\Ultra.MainDemo.Module.Win.csproj", "{4361252B-676C-40C3-B447-767AB1B31304}"
EndProject
Project("{9A19103F-16F7-4668-BE54-9A1E7A4F7556}") = "Ultra.MainDemo.Module.Web", "Ultra.MainDemo.Module.Web\Ultra.MainDemo.Module.Web.csproj", "{40BA4407-A2CF-4826-96C5-557A3B30EDA6}"
EndProject
Global
	GlobalSection(SolutionConfigurationPlatforms) = preSolution
		18_2_3_1|Any CPU = 18_2_3_1|Any CPU
		18_2_4_1|Any CPU = 18_2_4_1|Any CPU
		18_2_5_1|Any CPU = 18_2_5_1|Any CPU
		18_2_6_1|Any CPU = 18_2_6_1|Any CPU
		Debug|Any CPU = Debug|Any CPU
		EasyTest|Any CPU = EasyTest|Any CPU
		Release|Any CPU = Release|Any CPU
	EndGlobalSection
	GlobalSection(ProjectConfigurationPlatforms) = postSolution
		{82A6DBC9-B1B4-44E4-9718-55DF930CD349}.18_2_3_1|Any CPU.ActiveCfg = 18_2_3_1|Any CPU
		{82A6DBC9-B1B4-44E4-9718-55DF930CD349}.18_2_3_1|Any CPU.Build.0 = 18_2_3_1|Any CPU
		{82A6DBC9-B1B4-44E4-9718-55DF930CD349}.18_2_4_1|Any CPU.ActiveCfg = 18_2_4_1|Any CPU
		{82A6DBC9-B1B4-44E4-9718-55DF930CD349}.18_2_4_1|Any CPU.Build.0 = 18_2_4_1|Any CPU
		{82A6DBC9-B1B4-44E4-9718-55DF930CD349}.18_2_5_1|Any CPU.ActiveCfg = 18_2_5_1|Any CPU
		{82A6DBC9-B1B4-44E4-9718-55DF930CD349}.18_2_5_1|Any CPU.Build.0 = 18_2_5_1|Any CPU
		{82A6DBC9-B1B4-44E4-9718-55DF930CD349}.18_2_6_1|Any CPU.ActiveCfg = 18_2_6_1|Any CPU
		{82A6DBC9-B1B4-44E4-9718-55DF930CD349}.18_2_6_1|Any CPU.Build.0 = 18_2_6_1|Any CPU
		{82A6DBC9-B1B4-44E4-9718-55DF930CD349}.Debug|Any CPU.ActiveCfg = Debug|Any CPU
		{82A6DBC9-B1B4-44E4-9718-55DF930CD349}.Debug|Any CPU.Build.0 = Debug|Any CPU
		{82A6DBC9-B1B4-44E4-9718-55DF930CD349}.EasyTest|Any CPU.ActiveCfg = EasyTest|Any CPU
		{82A6DBC9-B1B4-44E4-9718-55DF930CD349}.EasyTest|Any CPU.Build.0 = EasyTest|Any CPU
		{82A6DBC9-B1B4-44E4-9718-55DF930CD349}.Release|Any CPU.ActiveCfg = Release|Any CPU
		{82A6DBC9-B1B4-44E4-9718-55DF930CD349}.Release|Any CPU.Build.0 = Release|Any CPU
		{D05D93DF-312D-4D4E-B980-726871EC7833}.18_2_3_1|Any CPU.ActiveCfg = Release|Any CPU
		{D05D93DF-312D-4D4E-B980-726871EC7833}.18_2_3_1|Any CPU.Build.0 = Release|Any CPU
		{D05D93DF-312D-4D4E-B980-726871EC7833}.18_2_4_1|Any CPU.ActiveCfg = Release|Any CPU
		{D05D93DF-312D-4D4E-B980-726871EC7833}.18_2_4_1|Any CPU.Build.0 = Release|Any CPU
		{D05D93DF-312D-4D4E-B980-726871EC7833}.18_2_5_1|Any CPU.ActiveCfg = Release|Any CPU
		{D05D93DF-312D-4D4E-B980-726871EC7833}.18_2_5_1|Any CPU.Build.0 = Release|Any CPU
		{D05D93DF-312D-4D4E-B980-726871EC7833}.18_2_6_1|Any CPU.ActiveCfg = Release|Any CPU
		{D05D93DF-312D-4D4E-B980-726871EC7833}.18_2_6_1|Any CPU.Build.0 = Release|Any CPU
		{D05D93DF-312D-4D4E-B980-726871EC7833}.Debug|Any CPU.ActiveCfg = Debug|Any CPU
		{D05D93DF-312D-4D4E-B980-726871EC7833}.Debug|Any CPU.Build.0 = Debug|Any CPU
		{D05D93DF-312D-4D4E-B980-726871EC7833}.EasyTest|Any CPU.ActiveCfg = Release|Any CPU
		{D05D93DF-312D-4D4E-B980-726871EC7833}.EasyTest|Any CPU.Build.0 = Release|Any CPU
		{D05D93DF-312D-4D4E-B980-726871EC7833}.Release|Any CPU.ActiveCfg = Release|Any CPU
		{D05D93DF-312D-4D4E-B980-726871EC7833}.Release|Any CPU.Build.0 = Release|Any CPU
		{802C4B18-550D-42CB-96B9-BEDA0CD8214B}.18_2_3_1|Any CPU.ActiveCfg = Release|Any CPU
		{802C4B18-550D-42CB-96B9-BEDA0CD8214B}.18_2_4_1|Any CPU.ActiveCfg = Release|Any CPU
		{802C4B18-550D-42CB-96B9-BEDA0CD8214B}.18_2_5_1|Any CPU.ActiveCfg = Release|Any CPU
		{802C4B18-550D-42CB-96B9-BEDA0CD8214B}.18_2_6_1|Any CPU.ActiveCfg = Release|Any CPU
		{802C4B18-550D-42CB-96B9-BEDA0CD8214B}.Debug|Any CPU.ActiveCfg = Debug|Any CPU
		{802C4B18-550D-42CB-96B9-BEDA0CD8214B}.Debug|Any CPU.Build.0 = Debug|Any CPU
		{802C4B18-550D-42CB-96B9-BEDA0CD8214B}.EasyTest|Any CPU.ActiveCfg = Release|Any CPU
		{802C4B18-550D-42CB-96B9-BEDA0CD8214B}.EasyTest|Any CPU.Build.0 = Release|Any CPU
		{802C4B18-550D-42CB-96B9-BEDA0CD8214B}.Release|Any CPU.ActiveCfg = Release|Any CPU
		{802C4B18-550D-42CB-96B9-BEDA0CD8214B}.Release|Any CPU.Build.0 = Release|Any CPU
		{8E57AAD7-8B5F-41A9-B238-1A11FFAFB6F8}.18_2_3_1|Any CPU.ActiveCfg = 18_2_3_1|Any CPU
		{8E57AAD7-8B5F-41A9-B238-1A11FFAFB6F8}.18_2_3_1|Any CPU.Build.0 = 18_2_3_1|Any CPU
		{8E57AAD7-8B5F-41A9-B238-1A11FFAFB6F8}.18_2_4_1|Any CPU.ActiveCfg = 18_2_4_1|Any CPU
		{8E57AAD7-8B5F-41A9-B238-1A11FFAFB6F8}.18_2_4_1|Any CPU.Build.0 = 18_2_4_1|Any CPU
		{8E57AAD7-8B5F-41A9-B238-1A11FFAFB6F8}.18_2_5_1|Any CPU.ActiveCfg = 18_2_5_1|Any CPU
		{8E57AAD7-8B5F-41A9-B238-1A11FFAFB6F8}.18_2_5_1|Any CPU.Build.0 = 18_2_5_1|Any CPU
		{8E57AAD7-8B5F-41A9-B238-1A11FFAFB6F8}.18_2_6_1|Any CPU.ActiveCfg = 18_2_6_1|Any CPU
		{8E57AAD7-8B5F-41A9-B238-1A11FFAFB6F8}.18_2_6_1|Any CPU.Build.0 = 18_2_6_1|Any CPU
		{8E57AAD7-8B5F-41A9-B238-1A11FFAFB6F8}.Debug|Any CPU.ActiveCfg = Debug|Any CPU
		{8E57AAD7-8B5F-41A9-B238-1A11FFAFB6F8}.Debug|Any CPU.Build.0 = Debug|Any CPU
		{8E57AAD7-8B5F-41A9-B238-1A11FFAFB6F8}.EasyTest|Any CPU.ActiveCfg = Release|Any CPU
		{8E57AAD7-8B5F-41A9-B238-1A11FFAFB6F8}.EasyTest|Any CPU.Build.0 = Release|Any CPU
		{8E57AAD7-8B5F-41A9-B238-1A11FFAFB6F8}.Release|Any CPU.ActiveCfg = Release|Any CPU
		{8E57AAD7-8B5F-41A9-B238-1A11FFAFB6F8}.Release|Any CPU.Build.0 = Release|Any CPU
		{94312523-ABF5-4783-AF8D-6B1BFD55890E}.18_2_3_1|Any CPU.ActiveCfg = 18_2_3_1|Any CPU
		{94312523-ABF5-4783-AF8D-6B1BFD55890E}.18_2_3_1|Any CPU.Build.0 = 18_2_3_1|Any CPU
		{94312523-ABF5-4783-AF8D-6B1BFD55890E}.18_2_4_1|Any CPU.ActiveCfg = 18_2_4_1|Any CPU
		{94312523-ABF5-4783-AF8D-6B1BFD55890E}.18_2_4_1|Any CPU.Build.0 = 18_2_4_1|Any CPU
		{94312523-ABF5-4783-AF8D-6B1BFD55890E}.18_2_5_1|Any CPU.ActiveCfg = 18_2_5_1|Any CPU
		{94312523-ABF5-4783-AF8D-6B1BFD55890E}.18_2_5_1|Any CPU.Build.0 = 18_2_5_1|Any CPU
		{94312523-ABF5-4783-AF8D-6B1BFD55890E}.18_2_6_1|Any CPU.ActiveCfg = 18_2_6_1|Any CPU
		{94312523-ABF5-4783-AF8D-6B1BFD55890E}.18_2_6_1|Any CPU.Build.0 = 18_2_6_1|Any CPU
		{94312523-ABF5-4783-AF8D-6B1BFD55890E}.Debug|Any CPU.ActiveCfg = Debug|Any CPU
		{94312523-ABF5-4783-AF8D-6B1BFD55890E}.Debug|Any CPU.Build.0 = Debug|Any CPU
		{94312523-ABF5-4783-AF8D-6B1BFD55890E}.EasyTest|Any CPU.ActiveCfg = Debug|Any CPU
		{94312523-ABF5-4783-AF8D-6B1BFD55890E}.EasyTest|Any CPU.Build.0 = Debug|Any CPU
		{94312523-ABF5-4783-AF8D-6B1BFD55890E}.Release|Any CPU.ActiveCfg = Release|Any CPU
		{94312523-ABF5-4783-AF8D-6B1BFD55890E}.Release|Any CPU.Build.0 = Release|Any CPU
		{C1718841-6424-4FE1-958B-2D22472110A1}.18_2_3_1|Any CPU.ActiveCfg = 18_2_3_1|Any CPU
		{C1718841-6424-4FE1-958B-2D22472110A1}.18_2_3_1|Any CPU.Build.0 = 18_2_3_1|Any CPU
		{C1718841-6424-4FE1-958B-2D22472110A1}.18_2_4_1|Any CPU.ActiveCfg = 18_2_4_1|Any CPU
		{C1718841-6424-4FE1-958B-2D22472110A1}.18_2_4_1|Any CPU.Build.0 = 18_2_4_1|Any CPU
		{C1718841-6424-4FE1-958B-2D22472110A1}.18_2_5_1|Any CPU.ActiveCfg = 18_2_5_1|Any CPU
		{C1718841-6424-4FE1-958B-2D22472110A1}.18_2_5_1|Any CPU.Build.0 = 18_2_5_1|Any CPU
		{C1718841-6424-4FE1-958B-2D22472110A1}.18_2_6_1|Any CPU.ActiveCfg = 18_2_6_1|Any CPU
		{C1718841-6424-4FE1-958B-2D22472110A1}.18_2_6_1|Any CPU.Build.0 = 18_2_6_1|Any CPU
		{C1718841-6424-4FE1-958B-2D22472110A1}.Debug|Any CPU.ActiveCfg = Debug|Any CPU
		{C1718841-6424-4FE1-958B-2D22472110A1}.Debug|Any CPU.Build.0 = Debug|Any CPU
		{C1718841-6424-4FE1-958B-2D22472110A1}.EasyTest|Any CPU.ActiveCfg = 18_2_5_1|Any CPU
		{C1718841-6424-4FE1-958B-2D22472110A1}.EasyTest|Any CPU.Build.0 = 18_2_5_1|Any CPU
		{C1718841-6424-4FE1-958B-2D22472110A1}.Release|Any CPU.ActiveCfg = Release|Any CPU
		{C1718841-6424-4FE1-958B-2D22472110A1}.Release|Any CPU.Build.0 = Release|Any CPU
		{4361252B-676C-40C3-B447-767AB1B31304}.18_2_3_1|Any CPU.ActiveCfg = 18_2_3_1|Any CPU
		{4361252B-676C-40C3-B447-767AB1B31304}.18_2_3_1|Any CPU.Build.0 = 18_2_3_1|Any CPU
		{4361252B-676C-40C3-B447-767AB1B31304}.18_2_4_1|Any CPU.ActiveCfg = 18_2_4_1|Any CPU
		{4361252B-676C-40C3-B447-767AB1B31304}.18_2_4_1|Any CPU.Build.0 = 18_2_4_1|Any CPU
		{4361252B-676C-40C3-B447-767AB1B31304}.18_2_5_1|Any CPU.ActiveCfg = 18_2_5_1|Any CPU
		{4361252B-676C-40C3-B447-767AB1B31304}.18_2_5_1|Any CPU.Build.0 = 18_2_5_1|Any CPU
		{4361252B-676C-40C3-B447-767AB1B31304}.18_2_6_1|Any CPU.ActiveCfg = 18_2_6_1|Any CPU
		{4361252B-676C-40C3-B447-767AB1B31304}.18_2_6_1|Any CPU.Build.0 = 18_2_6_1|Any CPU
		{4361252B-676C-40C3-B447-767AB1B31304}.Debug|Any CPU.ActiveCfg = Debug|Any CPU
		{4361252B-676C-40C3-B447-767AB1B31304}.Debug|Any CPU.Build.0 = Debug|Any CPU
		{4361252B-676C-40C3-B447-767AB1B31304}.EasyTest|Any CPU.ActiveCfg = 18_2_5_1|Any CPU
		{4361252B-676C-40C3-B447-767AB1B31304}.EasyTest|Any CPU.Build.0 = 18_2_5_1|Any CPU
		{4361252B-676C-40C3-B447-767AB1B31304}.Release|Any CPU.ActiveCfg = Release|Any CPU
		{4361252B-676C-40C3-B447-767AB1B31304}.Release|Any CPU.Build.0 = Release|Any CPU
		{40BA4407-A2CF-4826-96C5-557A3B30EDA6}.18_2_3_1|Any CPU.ActiveCfg = 18_2_3_1|Any CPU
		{40BA4407-A2CF-4826-96C5-557A3B30EDA6}.18_2_3_1|Any CPU.Build.0 = 18_2_3_1|Any CPU
		{40BA4407-A2CF-4826-96C5-557A3B30EDA6}.18_2_4_1|Any CPU.ActiveCfg = 18_2_4_1|Any CPU
		{40BA4407-A2CF-4826-96C5-557A3B30EDA6}.18_2_4_1|Any CPU.Build.0 = 18_2_4_1|Any CPU
		{40BA4407-A2CF-4826-96C5-557A3B30EDA6}.18_2_5_1|Any CPU.ActiveCfg = 18_2_5_1|Any CPU
		{40BA4407-A2CF-4826-96C5-557A3B30EDA6}.18_2_5_1|Any CPU.Build.0 = 18_2_5_1|Any CPU
		{40BA4407-A2CF-4826-96C5-557A3B30EDA6}.18_2_6_1|Any CPU.ActiveCfg = 18_2_6_1|Any CPU
		{40BA4407-A2CF-4826-96C5-557A3B30EDA6}.18_2_6_1|Any CPU.Build.0 = 18_2_6_1|Any CPU
		{40BA4407-A2CF-4826-96C5-557A3B30EDA6}.Debug|Any CPU.ActiveCfg = Debug|Any CPU
		{40BA4407-A2CF-4826-96C5-557A3B30EDA6}.Debug|Any CPU.Build.0 = Debug|Any CPU
		{40BA4407-A2CF-4826-96C5-557A3B30EDA6}.EasyTest|Any CPU.ActiveCfg = 18_2_5_1|Any CPU
		{40BA4407-A2CF-4826-96C5-557A3B30EDA6}.EasyTest|Any CPU.Build.0 = 18_2_5_1|Any CPU
		{40BA4407-A2CF-4826-96C5-557A3B30EDA6}.Release|Any CPU.ActiveCfg = Release|Any CPU
		{40BA4407-A2CF-4826-96C5-557A3B30EDA6}.Release|Any CPU.Build.0 = Release|Any CPU
	EndGlobalSection
	GlobalSection(SolutionProperties) = preSolution
		HideSolutionNode = FALSE
	EndGlobalSection
	GlobalSection(NestedProjects) = preSolution
		{82A6DBC9-B1B4-44E4-9718-55DF930CD349} = {981CDA04-F703-4527-85C8-2CA817BB95AD}
		{D05D93DF-312D-4D4E-B980-726871EC7833} = {981CDA04-F703-4527-85C8-2CA817BB95AD}
		{802C4B18-550D-42CB-96B9-BEDA0CD8214B} = {B6EE4266-7BC2-4B19-BC4E-4119B504147E}
		{8E57AAD7-8B5F-41A9-B238-1A11FFAFB6F8} = {4444B5E5-53CE-46AE-B001-5B9714F8AA70}
		{94312523-ABF5-4783-AF8D-6B1BFD55890E} = {08E90E72-4B8D-43BF-B07F-26F9F7BBFFBD}
		{C1718841-6424-4FE1-958B-2D22472110A1} = {981CDA04-F703-4527-85C8-2CA817BB95AD}
		{4361252B-676C-40C3-B447-767AB1B31304} = {981CDA04-F703-4527-85C8-2CA817BB95AD}
		{40BA4407-A2CF-4826-96C5-557A3B30EDA6} = {981CDA04-F703-4527-85C8-2CA817BB95AD}
	EndGlobalSection
	GlobalSection(ExtensibilityGlobals) = postSolution
		SolutionGuid = {C2161173-BA72-4D2C-81A7-9FF62A7EB67D}
	EndGlobalSection
EndGlobal
